
Microsoft Visual Studio Solution File, Format Version 12.00
Project("{FAE04EC0-301F-11D3-BF4B-00C04F79EFBC}") = "PasswordManager.Web", "PasswordManager.Web\PasswordManager.Web.csproj", "{961746E7-08D3-4D2B-B328-037CF1826504}"
EndProject
Project("{FAE04EC0-301F-11D3-BF4B-00C04F79EFBC}") = "PasswordManager.Data", "PasswordManager.Data\PasswordManager.Data.csproj", "{BB89791B-9D21-4F02-8F24-3A077459AAE4}"
EndProject
Project("{FAE04EC0-301F-11D3-BF4B-00C04F79EFBC}") = "PasswordManager.Services", "PasswordManager.Services\PasswordManager.Services.csproj", "{7BE5125B-7FCD-4FF5-853E-739BF8B0D005}"
EndProject
Project("{FAE04EC0-301F-11D3-BF4B-00C04F79EFBC}") = "PasswordManager.Common", "PasswordManager.Common\PasswordManager.Common.csproj", "{1D3D7F15-744D-4E28-97F3-956810A4CC9C}"
EndProject
Global
	GlobalSection(SolutionConfigurationPlatforms) = preSolution
		Debug|Any CPU = Debug|Any CPU
		Release|Any CPU = Release|Any CPU
	EndGlobalSection
	GlobalSection(ProjectConfigurationPlatforms) = postSolution
		{961746E7-08D3-4D2B-B328-037CF1826504}.Debug|Any CPU.ActiveCfg = Debug|Any CPU
		{961746E7-08D3-4D2B-B328-037CF1826504}.Debug|Any CPU.Build.0 = Debug|Any CPU
		{961746E7-08D3-4D2B-B328-037CF1826504}.Release|Any CPU.ActiveCfg = Release|Any CPU
		{961746E7-08D3-4D2B-B328-037CF1826504}.Release|Any CPU.Build.0 = Release|Any CPU
		{BB89791B-9D21-4F02-8F24-3A077459AAE4}.Debug|Any CPU.ActiveCfg = Debug|Any CPU
		{BB89791B-9D21-4F02-8F24-3A077459AAE4}.Debug|Any CPU.Build.0 = Debug|Any CPU
		{BB89791B-9D21-4F02-8F24-3A077459AAE4}.Release|Any CPU.ActiveCfg = Release|Any CPU
		{BB89791B-9D21-4F02-8F24-3A077459AAE4}.Release|Any CPU.Build.0 = Release|Any CPU
		{7BE5125B-7FCD-4FF5-853E-739BF8B0D005}.Debug|Any CPU.ActiveCfg = Debug|Any CPU
		{7BE5125B-7FCD-4FF5-853E-739BF8B0D005}.Debug|Any CPU.Build.0 = Debug|Any CPU
		{7BE5125B-7FCD-4FF5-853E-739BF8B0D005}.Release|Any CPU.ActiveCfg = Release|Any CPU
		{7BE5125B-7FCD-4FF5-853E-739BF8B0D005}.Release|Any CPU.Build.0 = Release|Any CPU
		{1D3D7F15-744D-4E28-97F3-956810A4CC9C}.Debug|Any CPU.ActiveCfg = Debug|Any CPU
		{1D3D7F15-744D-4E28-97F3-956810A4CC9C}.Debug|Any CPU.Build.0 = Debug|Any CPU
		{1D3D7F15-744D-4E28-97F3-956810A4CC9C}.Release|Any CPU.ActiveCfg = Release|Any CPU
		{1D3D7F15-744D-4E28-97F3-956810A4CC9C}.Release|Any CPU.Build.0 = Release|Any CPU
	EndGlobalSection
EndGlobal
